// !$*UTF8*$!
{
	archiveVersion = 1;
	classes = {
	};
	objectVersion = 56;
	objects = {

/* Begin PBXBuildFile section */
		9F35772B2BD7C56700970CF5 /* stories.json in Resources */ = {isa = PBXBuildFile; fileRef = 9F35772A2BD7C56700970CF5 /* stories.json */; };
		9F35772D2BD7C56E00970CF5 /* IGAppUtility.swift in Sources */ = {isa = PBXBuildFile; fileRef = 9F35772C2BD7C56E00970CF5 /* IGAppUtility.swift */; };
		9F74D8F92BB4023B0057F10A /* MainTabBarVC.swift in Sources */ = {isa = PBXBuildFile; fileRef = 9F74D8F82BB4023B0057F10A /* MainTabBarVC.swift */; };
		9F74D8FB2BB402910057F10A /* HomeVC.swift in Sources */ = {isa = PBXBuildFile; fileRef = 9F74D8FA2BB402910057F10A /* HomeVC.swift */; };
		9F74D8FD2BB402A20057F10A /* CoursesVC.swift in Sources */ = {isa = PBXBuildFile; fileRef = 9F74D8FC2BB402A20057F10A /* CoursesVC.swift */; };
		9F74D9012BB7FA5F0057F10A /* ProfileVC.swift in Sources */ = {isa = PBXBuildFile; fileRef = 9F74D9002BB7FA5F0057F10A /* ProfileVC.swift */; };
		9F74D90A2BB881750057F10A /* AboutMeVC.swift in Sources */ = {isa = PBXBuildFile; fileRef = 9F74D9092BB881750057F10A /* AboutMeVC.swift */; };
		9F74D90C2BB881850057F10A /* ScheduleVC.swift in Sources */ = {isa = PBXBuildFile; fileRef = 9F74D90B2BB881850057F10A /* ScheduleVC.swift */; };
		9F74D90E2BB881930057F10A /* EditProfileVC.swift in Sources */ = {isa = PBXBuildFile; fileRef = 9F74D90D2BB881930057F10A /* EditProfileVC.swift */; };
		9F74D9102BB882730057F10A /* ProfileToggleView.swift in Sources */ = {isa = PBXBuildFile; fileRef = 9F74D90F2BB882730057F10A /* ProfileToggleView.swift */; };
		9F74D9122BB889240057F10A /* Extensions.swift in Sources */ = {isa = PBXBuildFile; fileRef = 9F74D9112BB889240057F10A /* Extensions.swift */; };
		9F74D9152BBF36AE0057F10A /* UserInformationViewModel.swift in Sources */ = {isa = PBXBuildFile; fileRef = 9F74D9142BBF36AE0057F10A /* UserInformationViewModel.swift */; };
		9FB34EAA2B923DAC00E6F3BD /* AppDelegate.swift in Sources */ = {isa = PBXBuildFile; fileRef = 9FB34EA92B923DAC00E6F3BD /* AppDelegate.swift */; };
		9FB34EAC2B923DAC00E6F3BD /* SceneDelegate.swift in Sources */ = {isa = PBXBuildFile; fileRef = 9FB34EAB2B923DAC00E6F3BD /* SceneDelegate.swift */; };
		9FB34EB32B923DAD00E6F3BD /* Assets.xcassets in Resources */ = {isa = PBXBuildFile; fileRef = 9FB34EB22B923DAD00E6F3BD /* Assets.xcassets */; };
		9FB34EB62B923DAD00E6F3BD /* LaunchScreen.storyboard in Resources */ = {isa = PBXBuildFile; fileRef = 9FB34EB42B923DAD00E6F3BD /* LaunchScreen.storyboard */; };
		9FB34EC12B923DAD00E6F3BD /* IITU_AppTests.swift in Sources */ = {isa = PBXBuildFile; fileRef = 9FB34EC02B923DAD00E6F3BD /* IITU_AppTests.swift */; };
		9FB34ECB2B923DAD00E6F3BD /* IITU_AppUITests.swift in Sources */ = {isa = PBXBuildFile; fileRef = 9FB34ECA2B923DAD00E6F3BD /* IITU_AppUITests.swift */; };
		9FB34ECD2B923DAD00E6F3BD /* IITU_AppUITestsLaunchTests.swift in Sources */ = {isa = PBXBuildFile; fileRef = 9FB34ECC2B923DAD00E6F3BD /* IITU_AppUITestsLaunchTests.swift */; };
		9FF34D102BDA507600835588 /* IGMockLoader.swift in Sources */ = {isa = PBXBuildFile; fileRef = 9FF34CE02BDA507600835588 /* IGMockLoader.swift */; };
		9FF34D112BDA507600835588 /* IGStoryPreviewCell.swift in Sources */ = {isa = PBXBuildFile; fileRef = 9FF34CE22BDA507600835588 /* IGStoryPreviewCell.swift */; };
		9FF34D122BDA507600835588 /* IGStoryPreviewModel.swift in Sources */ = {isa = PBXBuildFile; fileRef = 9FF34CE42BDA507600835588 /* IGStoryPreviewModel.swift */; };
		9FF34D132BDA507600835588 /* IGStoryPreviewController.swift in Sources */ = {isa = PBXBuildFile; fileRef = 9FF34CE52BDA507600835588 /* IGStoryPreviewController.swift */; };
		9FF34D142BDA507600835588 /* UIView+Extension.swift in Sources */ = {isa = PBXBuildFile; fileRef = 9FF34CE72BDA507600835588 /* UIView+Extension.swift */; };
		9FF34D152BDA507600835588 /* IGAdditions.swift in Sources */ = {isa = PBXBuildFile; fileRef = 9FF34CE82BDA507600835588 /* IGAdditions.swift */; };
		9FF34D162BDA507600835588 /* Color+Additions.swift in Sources */ = {isa = PBXBuildFile; fileRef = 9FF34CE92BDA507600835588 /* Color+Additions.swift */; };
		9FF34D172BDA507600835588 /* ImageView+Additions.swift in Sources */ = {isa = PBXBuildFile; fileRef = 9FF34CEA2BDA507600835588 /* ImageView+Additions.swift */; };
		9FF34D182BDA507600835588 /* IGSnapProgressView.swift in Sources */ = {isa = PBXBuildFile; fileRef = 9FF34CEC2BDA507600835588 /* IGSnapProgressView.swift */; };
		9FF34D192BDA507600835588 /* IGStoryPreviewHeaderView.swift in Sources */ = {isa = PBXBuildFile; fileRef = 9FF34CED2BDA507600835588 /* IGStoryPreviewHeaderView.swift */; };
		9FF34D1A2BDA507600835588 /* IGStory.swift in Sources */ = {isa = PBXBuildFile; fileRef = 9FF34CEF2BDA507600835588 /* IGStory.swift */; };
		9FF34D1B2BDA507600835588 /* IGStories.swift in Sources */ = {isa = PBXBuildFile; fileRef = 9FF34CF02BDA507600835588 /* IGStories.swift */; };
		9FF34D1C2BDA507600835588 /* IGSnap.swift in Sources */ = {isa = PBXBuildFile; fileRef = 9FF34CF12BDA507600835588 /* IGSnap.swift */; };
		9FF34D1D2BDA507600835588 /* IGUser.swift in Sources */ = {isa = PBXBuildFile; fileRef = 9FF34CF22BDA507600835588 /* IGUser.swift */; };
		9FF34D1E2BDA507600835588 /* UIImageView+Extension.swift in Sources */ = {isa = PBXBuildFile; fileRef = 9FF34CF42BDA507600835588 /* UIImageView+Extension.swift */; };
		9FF34D1F2BDA507600835588 /* IGResult.swift in Sources */ = {isa = PBXBuildFile; fileRef = 9FF34CF52BDA507600835588 /* IGResult.swift */; };
		9FF34D202BDA507600835588 /* IGRoundedView.swift in Sources */ = {isa = PBXBuildFile; fileRef = 9FF34CF62BDA507600835588 /* IGRoundedView.swift */; };
		9FF34D212BDA507600835588 /* IGImageRequestable.swift in Sources */ = {isa = PBXBuildFile; fileRef = 9FF34CF72BDA507600835588 /* IGImageRequestable.swift */; };
		9FF34D222BDA507600835588 /* IGError.swift in Sources */ = {isa = PBXBuildFile; fileRef = 9FF34CF82BDA507600835588 /* IGError.swift */; };
		9FF34D232BDA507600835588 /* IGURLSession.swift in Sources */ = {isa = PBXBuildFile; fileRef = 9FF34CF92BDA507600835588 /* IGURLSession.swift */; };
		9FF34D242BDA507600835588 /* IGCache.swift in Sources */ = {isa = PBXBuildFile; fileRef = 9FF34CFA2BDA507600835588 /* IGCache.swift */; };
		9FF34D252BDA507600835588 /* IGVideoCacheManager.swift in Sources */ = {isa = PBXBuildFile; fileRef = 9FF34CFC2BDA507600835588 /* IGVideoCacheManager.swift */; };
		9FF34D262BDA507600835588 /* IGPlayerView.swift in Sources */ = {isa = PBXBuildFile; fileRef = 9FF34CFE2BDA507600835588 /* IGPlayerView.swift */; };
		9FF34D272BDA507600835588 /* IGCommon.swift in Sources */ = {isa = PBXBuildFile; fileRef = 9FF34D002BDA507600835588 /* IGCommon.swift */; };
		9FF34D282BDA507600835588 /* IGConstants.swift in Sources */ = {isa = PBXBuildFile; fileRef = 9FF34D012BDA507600835588 /* IGConstants.swift */; };
		9FF34D292BDA507600835588 /* IGRetryButton.swift in Sources */ = {isa = PBXBuildFile; fileRef = 9FF34D022BDA507600835588 /* IGRetryButton.swift */; };
		9FF34D2A2BDA507600835588 /* IGStoryPreviewView.swift in Sources */ = {isa = PBXBuildFile; fileRef = 9FF34D042BDA507600835588 /* IGStoryPreviewView.swift */; };
		9FF34D2B2BDA507600835588 /* Reachability.swift in Sources */ = {isa = PBXBuildFile; fileRef = 9FF34D072BDA507600835588 /* Reachability.swift */; };
		9FF34D2C2BDA507600835588 /* LICENSE in Resources */ = {isa = PBXBuildFile; fileRef = 9FF34D092BDA507600835588 /* LICENSE */; };
		9FF34D2D2BDA507600835588 /* CubeAttributesAnimator.swift in Sources */ = {isa = PBXBuildFile; fileRef = 9FF34D0B2BDA507600835588 /* CubeAttributesAnimator.swift */; };
		9FF34D2E2BDA507600835588 /* AnimatedCollectionViewLayout.swift in Sources */ = {isa = PBXBuildFile; fileRef = 9FF34D0C2BDA507600835588 /* AnimatedCollectionViewLayout.swift */; };
		9FF34D2F2BDA507600835588 /* UIView+Anchor.swift in Sources */ = {isa = PBXBuildFile; fileRef = 9FF34D0D2BDA507600835588 /* UIView+Anchor.swift */; };
		9FF34D302BDA507600835588 /* LayoutAttributesAnimator.swift in Sources */ = {isa = PBXBuildFile; fileRef = 9FF34D0E2BDA507600835588 /* LayoutAttributesAnimator.swift */; };
		9FF34D312BDA507600835588 /* README.md in Resources */ = {isa = PBXBuildFile; fileRef = 9FF34D0F2BDA507600835588 /* README.md */; };
		9FF34D352BDA50D900835588 /* IGStoryListCell.swift in Sources */ = {isa = PBXBuildFile; fileRef = 9FF34D342BDA50D900835588 /* IGStoryListCell.swift */; };
		9FF34D372BDA510000835588 /* IGHomeView.swift in Sources */ = {isa = PBXBuildFile; fileRef = 9FF34D362BDA510000835588 /* IGHomeView.swift */; };
		9FF34D3B2BDA514400835588 /* IGHomeViewModel.swift in Sources */ = {isa = PBXBuildFile; fileRef = 9FF34D3A2BDA514400835588 /* IGHomeViewModel.swift */; };
		9FF34D3E2BDA544800835588 /* AVFoundation.framework in Frameworks */ = {isa = PBXBuildFile; fileRef = 9FF34D3D2BDA544800835588 /* AVFoundation.framework */; };
		9FF4988B2BD03AA500B18765 /* LoginVC.swift in Sources */ = {isa = PBXBuildFile; fileRef = 9FF4988A2BD03AA500B18765 /* LoginVC.swift */; };
		9FF4988D2BD1152300B18765 /* OnboardingViewController.swift in Sources */ = {isa = PBXBuildFile; fileRef = 9FF4988C2BD1152300B18765 /* OnboardingViewController.swift */; };
		9FF4988F2BD1158E00B18765 /* OnboardingUIPageViewController.swift in Sources */ = {isa = PBXBuildFile; fileRef = 9FF4988E2BD1158E00B18765 /* OnboardingUIPageViewController.swift */; };
/* End PBXBuildFile section */

/* Begin PBXContainerItemProxy section */
		9FB34EBD2B923DAD00E6F3BD /* PBXContainerItemProxy */ = {
			isa = PBXContainerItemProxy;
			containerPortal = 9FB34E9E2B923DAC00E6F3BD /* Project object */;
			proxyType = 1;
			remoteGlobalIDString = 9FB34EA52B923DAC00E6F3BD;
			remoteInfo = "IITU App";
		};
		9FB34EC72B923DAD00E6F3BD /* PBXContainerItemProxy */ = {
			isa = PBXContainerItemProxy;
			containerPortal = 9FB34E9E2B923DAC00E6F3BD /* Project object */;
			proxyType = 1;
			remoteGlobalIDString = 9FB34EA52B923DAC00E6F3BD;
			remoteInfo = "IITU App";
		};
/* End PBXContainerItemProxy section */

/* Begin PBXFileReference section */
		9F35772A2BD7C56700970CF5 /* stories.json */ = {isa = PBXFileReference; fileEncoding = 4; lastKnownFileType = text.json; path = stories.json; sourceTree = "<group>"; };
		9F35772C2BD7C56E00970CF5 /* IGAppUtility.swift */ = {isa = PBXFileReference; fileEncoding = 4; lastKnownFileType = sourcecode.swift; path = IGAppUtility.swift; sourceTree = "<group>"; };
		9F74D8F82BB4023B0057F10A /* MainTabBarVC.swift */ = {isa = PBXFileReference; lastKnownFileType = sourcecode.swift; path = MainTabBarVC.swift; sourceTree = "<group>"; };
		9F74D8FA2BB402910057F10A /* HomeVC.swift */ = {isa = PBXFileReference; lastKnownFileType = sourcecode.swift; path = HomeVC.swift; sourceTree = "<group>"; };
		9F74D8FC2BB402A20057F10A /* CoursesVC.swift */ = {isa = PBXFileReference; lastKnownFileType = sourcecode.swift; path = CoursesVC.swift; sourceTree = "<group>"; };
		9F74D9002BB7FA5F0057F10A /* ProfileVC.swift */ = {isa = PBXFileReference; lastKnownFileType = sourcecode.swift; path = ProfileVC.swift; sourceTree = "<group>"; };
		9F74D9092BB881750057F10A /* AboutMeVC.swift */ = {isa = PBXFileReference; lastKnownFileType = sourcecode.swift; path = AboutMeVC.swift; sourceTree = "<group>"; };
		9F74D90B2BB881850057F10A /* ScheduleVC.swift */ = {isa = PBXFileReference; lastKnownFileType = sourcecode.swift; path = ScheduleVC.swift; sourceTree = "<group>"; };
		9F74D90D2BB881930057F10A /* EditProfileVC.swift */ = {isa = PBXFileReference; lastKnownFileType = sourcecode.swift; path = EditProfileVC.swift; sourceTree = "<group>"; };
		9F74D90F2BB882730057F10A /* ProfileToggleView.swift */ = {isa = PBXFileReference; lastKnownFileType = sourcecode.swift; path = ProfileToggleView.swift; sourceTree = "<group>"; };
		9F74D9112BB889240057F10A /* Extensions.swift */ = {isa = PBXFileReference; lastKnownFileType = sourcecode.swift; path = Extensions.swift; sourceTree = "<group>"; };
		9F74D9142BBF36AE0057F10A /* UserInformationViewModel.swift */ = {isa = PBXFileReference; lastKnownFileType = sourcecode.swift; path = UserInformationViewModel.swift; sourceTree = "<group>"; };
		9FB34EA62B923DAC00E6F3BD /* IITU App.app */ = {isa = PBXFileReference; explicitFileType = wrapper.application; includeInIndex = 0; path = "IITU App.app"; sourceTree = BUILT_PRODUCTS_DIR; };
		9FB34EA92B923DAC00E6F3BD /* AppDelegate.swift */ = {isa = PBXFileReference; lastKnownFileType = sourcecode.swift; path = AppDelegate.swift; sourceTree = "<group>"; };
		9FB34EAB2B923DAC00E6F3BD /* SceneDelegate.swift */ = {isa = PBXFileReference; lastKnownFileType = sourcecode.swift; path = SceneDelegate.swift; sourceTree = "<group>"; };
		9FB34EB22B923DAD00E6F3BD /* Assets.xcassets */ = {isa = PBXFileReference; lastKnownFileType = folder.assetcatalog; path = Assets.xcassets; sourceTree = "<group>"; };
		9FB34EB52B923DAD00E6F3BD /* Base */ = {isa = PBXFileReference; lastKnownFileType = file.storyboard; name = Base; path = Base.lproj/LaunchScreen.storyboard; sourceTree = "<group>"; };
		9FB34EB72B923DAD00E6F3BD /* Info.plist */ = {isa = PBXFileReference; lastKnownFileType = text.plist.xml; path = Info.plist; sourceTree = "<group>"; };
		9FB34EBC2B923DAD00E6F3BD /* IITU AppTests.xctest */ = {isa = PBXFileReference; explicitFileType = wrapper.cfbundle; includeInIndex = 0; path = "IITU AppTests.xctest"; sourceTree = BUILT_PRODUCTS_DIR; };
		9FB34EC02B923DAD00E6F3BD /* IITU_AppTests.swift */ = {isa = PBXFileReference; lastKnownFileType = sourcecode.swift; path = IITU_AppTests.swift; sourceTree = "<group>"; };
		9FB34EC62B923DAD00E6F3BD /* IITU AppUITests.xctest */ = {isa = PBXFileReference; explicitFileType = wrapper.cfbundle; includeInIndex = 0; path = "IITU AppUITests.xctest"; sourceTree = BUILT_PRODUCTS_DIR; };
		9FB34ECA2B923DAD00E6F3BD /* IITU_AppUITests.swift */ = {isa = PBXFileReference; lastKnownFileType = sourcecode.swift; path = IITU_AppUITests.swift; sourceTree = "<group>"; };
		9FB34ECC2B923DAD00E6F3BD /* IITU_AppUITestsLaunchTests.swift */ = {isa = PBXFileReference; lastKnownFileType = sourcecode.swift; path = IITU_AppUITestsLaunchTests.swift; sourceTree = "<group>"; };
		9FF34CE02BDA507600835588 /* IGMockLoader.swift */ = {isa = PBXFileReference; fileEncoding = 4; lastKnownFileType = sourcecode.swift; path = IGMockLoader.swift; sourceTree = "<group>"; };
		9FF34CE22BDA507600835588 /* IGStoryPreviewCell.swift */ = {isa = PBXFileReference; fileEncoding = 4; lastKnownFileType = sourcecode.swift; path = IGStoryPreviewCell.swift; sourceTree = "<group>"; };
		9FF34CE42BDA507600835588 /* IGStoryPreviewModel.swift */ = {isa = PBXFileReference; fileEncoding = 4; lastKnownFileType = sourcecode.swift; path = IGStoryPreviewModel.swift; sourceTree = "<group>"; };
		9FF34CE52BDA507600835588 /* IGStoryPreviewController.swift */ = {isa = PBXFileReference; fileEncoding = 4; lastKnownFileType = sourcecode.swift; path = IGStoryPreviewController.swift; sourceTree = "<group>"; };
		9FF34CE72BDA507600835588 /* UIView+Extension.swift */ = {isa = PBXFileReference; fileEncoding = 4; lastKnownFileType = sourcecode.swift; path = "UIView+Extension.swift"; sourceTree = "<group>"; };
		9FF34CE82BDA507600835588 /* IGAdditions.swift */ = {isa = PBXFileReference; fileEncoding = 4; lastKnownFileType = sourcecode.swift; path = IGAdditions.swift; sourceTree = "<group>"; };
		9FF34CE92BDA507600835588 /* Color+Additions.swift */ = {isa = PBXFileReference; fileEncoding = 4; lastKnownFileType = sourcecode.swift; path = "Color+Additions.swift"; sourceTree = "<group>"; };
		9FF34CEA2BDA507600835588 /* ImageView+Additions.swift */ = {isa = PBXFileReference; fileEncoding = 4; lastKnownFileType = sourcecode.swift; path = "ImageView+Additions.swift"; sourceTree = "<group>"; };
		9FF34CEC2BDA507600835588 /* IGSnapProgressView.swift */ = {isa = PBXFileReference; fileEncoding = 4; lastKnownFileType = sourcecode.swift; path = IGSnapProgressView.swift; sourceTree = "<group>"; };
		9FF34CED2BDA507600835588 /* IGStoryPreviewHeaderView.swift */ = {isa = PBXFileReference; fileEncoding = 4; lastKnownFileType = sourcecode.swift; path = IGStoryPreviewHeaderView.swift; sourceTree = "<group>"; };
		9FF34CEF2BDA507600835588 /* IGStory.swift */ = {isa = PBXFileReference; fileEncoding = 4; lastKnownFileType = sourcecode.swift; path = IGStory.swift; sourceTree = "<group>"; };
		9FF34CF02BDA507600835588 /* IGStories.swift */ = {isa = PBXFileReference; fileEncoding = 4; lastKnownFileType = sourcecode.swift; path = IGStories.swift; sourceTree = "<group>"; };
		9FF34CF12BDA507600835588 /* IGSnap.swift */ = {isa = PBXFileReference; fileEncoding = 4; lastKnownFileType = sourcecode.swift; path = IGSnap.swift; sourceTree = "<group>"; };
		9FF34CF22BDA507600835588 /* IGUser.swift */ = {isa = PBXFileReference; fileEncoding = 4; lastKnownFileType = sourcecode.swift; path = IGUser.swift; sourceTree = "<group>"; };
		9FF34CF42BDA507600835588 /* UIImageView+Extension.swift */ = {isa = PBXFileReference; fileEncoding = 4; lastKnownFileType = sourcecode.swift; path = "UIImageView+Extension.swift"; sourceTree = "<group>"; };
		9FF34CF52BDA507600835588 /* IGResult.swift */ = {isa = PBXFileReference; fileEncoding = 4; lastKnownFileType = sourcecode.swift; path = IGResult.swift; sourceTree = "<group>"; };
		9FF34CF62BDA507600835588 /* IGRoundedView.swift */ = {isa = PBXFileReference; fileEncoding = 4; lastKnownFileType = sourcecode.swift; path = IGRoundedView.swift; sourceTree = "<group>"; };
		9FF34CF72BDA507600835588 /* IGImageRequestable.swift */ = {isa = PBXFileReference; fileEncoding = 4; lastKnownFileType = sourcecode.swift; path = IGImageRequestable.swift; sourceTree = "<group>"; };
		9FF34CF82BDA507600835588 /* IGError.swift */ = {isa = PBXFileReference; fileEncoding = 4; lastKnownFileType = sourcecode.swift; path = IGError.swift; sourceTree = "<group>"; };
		9FF34CF92BDA507600835588 /* IGURLSession.swift */ = {isa = PBXFileReference; fileEncoding = 4; lastKnownFileType = sourcecode.swift; path = IGURLSession.swift; sourceTree = "<group>"; };
		9FF34CFA2BDA507600835588 /* IGCache.swift */ = {isa = PBXFileReference; fileEncoding = 4; lastKnownFileType = sourcecode.swift; path = IGCache.swift; sourceTree = "<group>"; };
		9FF34CFC2BDA507600835588 /* IGVideoCacheManager.swift */ = {isa = PBXFileReference; fileEncoding = 4; lastKnownFileType = sourcecode.swift; path = IGVideoCacheManager.swift; sourceTree = "<group>"; };
		9FF34CFE2BDA507600835588 /* IGPlayerView.swift */ = {isa = PBXFileReference; fileEncoding = 4; lastKnownFileType = sourcecode.swift; path = IGPlayerView.swift; sourceTree = "<group>"; };
		9FF34D002BDA507600835588 /* IGCommon.swift */ = {isa = PBXFileReference; fileEncoding = 4; lastKnownFileType = sourcecode.swift; path = IGCommon.swift; sourceTree = "<group>"; };
		9FF34D012BDA507600835588 /* IGConstants.swift */ = {isa = PBXFileReference; fileEncoding = 4; lastKnownFileType = sourcecode.swift; path = IGConstants.swift; sourceTree = "<group>"; };
		9FF34D022BDA507600835588 /* IGRetryButton.swift */ = {isa = PBXFileReference; fileEncoding = 4; lastKnownFileType = sourcecode.swift; path = IGRetryButton.swift; sourceTree = "<group>"; };
		9FF34D042BDA507600835588 /* IGStoryPreviewView.swift */ = {isa = PBXFileReference; fileEncoding = 4; lastKnownFileType = sourcecode.swift; path = IGStoryPreviewView.swift; sourceTree = "<group>"; };
		9FF34D072BDA507600835588 /* Reachability.swift */ = {isa = PBXFileReference; fileEncoding = 4; lastKnownFileType = sourcecode.swift; path = Reachability.swift; sourceTree = "<group>"; };
		9FF34D092BDA507600835588 /* LICENSE */ = {isa = PBXFileReference; fileEncoding = 4; lastKnownFileType = text; path = LICENSE; sourceTree = "<group>"; };
		9FF34D0B2BDA507600835588 /* CubeAttributesAnimator.swift */ = {isa = PBXFileReference; fileEncoding = 4; lastKnownFileType = sourcecode.swift; path = CubeAttributesAnimator.swift; sourceTree = "<group>"; };
		9FF34D0C2BDA507600835588 /* AnimatedCollectionViewLayout.swift */ = {isa = PBXFileReference; fileEncoding = 4; lastKnownFileType = sourcecode.swift; path = AnimatedCollectionViewLayout.swift; sourceTree = "<group>"; };
		9FF34D0D2BDA507600835588 /* UIView+Anchor.swift */ = {isa = PBXFileReference; fileEncoding = 4; lastKnownFileType = sourcecode.swift; path = "UIView+Anchor.swift"; sourceTree = "<group>"; };
		9FF34D0E2BDA507600835588 /* LayoutAttributesAnimator.swift */ = {isa = PBXFileReference; fileEncoding = 4; lastKnownFileType = sourcecode.swift; path = LayoutAttributesAnimator.swift; sourceTree = "<group>"; };
		9FF34D0F2BDA507600835588 /* README.md */ = {isa = PBXFileReference; fileEncoding = 4; lastKnownFileType = net.daringfireball.markdown; path = README.md; sourceTree = "<group>"; };
		9FF34D342BDA50D900835588 /* IGStoryListCell.swift */ = {isa = PBXFileReference; lastKnownFileType = sourcecode.swift; path = IGStoryListCell.swift; sourceTree = "<group>"; };
		9FF34D362BDA510000835588 /* IGHomeView.swift */ = {isa = PBXFileReference; lastKnownFileType = sourcecode.swift; path = IGHomeView.swift; sourceTree = "<group>"; };
		9FF34D3A2BDA514400835588 /* IGHomeViewModel.swift */ = {isa = PBXFileReference; lastKnownFileType = sourcecode.swift; path = IGHomeViewModel.swift; sourceTree = "<group>"; };
		9FF34D3D2BDA544800835588 /* AVFoundation.framework */ = {isa = PBXFileReference; lastKnownFileType = wrapper.framework; name = AVFoundation.framework; path = System/Library/Frameworks/AVFoundation.framework; sourceTree = SDKROOT; };
		9FF4988A2BD03AA500B18765 /* LoginVC.swift */ = {isa = PBXFileReference; lastKnownFileType = sourcecode.swift; path = LoginVC.swift; sourceTree = "<group>"; };
		9FF4988C2BD1152300B18765 /* OnboardingViewController.swift */ = {isa = PBXFileReference; lastKnownFileType = sourcecode.swift; path = OnboardingViewController.swift; sourceTree = "<group>"; };
		9FF4988E2BD1158E00B18765 /* OnboardingUIPageViewController.swift */ = {isa = PBXFileReference; lastKnownFileType = sourcecode.swift; path = OnboardingUIPageViewController.swift; sourceTree = "<group>"; };
/* End PBXFileReference section */

/* Begin PBXFrameworksBuildPhase section */
		9FB34EA32B923DAC00E6F3BD /* Frameworks */ = {
			isa = PBXFrameworksBuildPhase;
			buildActionMask = 2147483647;
			files = (
				9FF34D3E2BDA544800835588 /* AVFoundation.framework in Frameworks */,
			);
			runOnlyForDeploymentPostprocessing = 0;
		};
		9FB34EB92B923DAD00E6F3BD /* Frameworks */ = {
			isa = PBXFrameworksBuildPhase;
			buildActionMask = 2147483647;
			files = (
			);
			runOnlyForDeploymentPostprocessing = 0;
		};
		9FB34EC32B923DAD00E6F3BD /* Frameworks */ = {
			isa = PBXFrameworksBuildPhase;
			buildActionMask = 2147483647;
			files = (
			);
			runOnlyForDeploymentPostprocessing = 0;
		};
/* End PBXFrameworksBuildPhase section */

/* Begin PBXGroup section */
		9F74D9022BB7FAF60057F10A /* Core */ = {
			isa = PBXGroup;
			children = (
				9F74D8FA2BB402910057F10A /* HomeVC.swift */,
				9F74D8FC2BB402A20057F10A /* CoursesVC.swift */,
				9F74D9002BB7FA5F0057F10A /* ProfileVC.swift */,
				9F74D8F82BB4023B0057F10A /* MainTabBarVC.swift */,
			);
			path = Core;
			sourceTree = "<group>";
		};
		9F74D9032BB7FB100057F10A /* Resources */ = {
			isa = PBXGroup;
			children = (
				9FB34EB42B923DAD00E6F3BD /* LaunchScreen.storyboard */,
				9FB34EB22B923DAD00E6F3BD /* Assets.xcassets */,
				9FB34EAB2B923DAC00E6F3BD /* SceneDelegate.swift */,
				9FB34EA92B923DAC00E6F3BD /* AppDelegate.swift */,
				9F74D9112BB889240057F10A /* Extensions.swift */,
			);
			path = Resources;
			sourceTree = "<group>";
		};
		9F74D9042BB7FB500057F10A /* Views */ = {
			isa = PBXGroup;
			children = (
				9F74D90F2BB882730057F10A /* ProfileToggleView.swift */,
			);
			path = Views;
			sourceTree = "<group>";
		};
		9F74D9072BB881470057F10A /* ViewControllers */ = {
			isa = PBXGroup;
			children = (
				9FF498892BD03A8500B18765 /* OtherViewControllers */,
				9F74D9022BB7FAF60057F10A /* Core */,
				9F74D9082BB8815D0057F10A /* Profile */,
			);
			path = ViewControllers;
			sourceTree = "<group>";
		};
		9F74D9082BB8815D0057F10A /* Profile */ = {
			isa = PBXGroup;
			children = (
				9F74D9092BB881750057F10A /* AboutMeVC.swift */,
				9F74D90B2BB881850057F10A /* ScheduleVC.swift */,
				9F74D90D2BB881930057F10A /* EditProfileVC.swift */,
			);
			path = Profile;
			sourceTree = "<group>";
		};
		9F74D9132BBF36610057F10A /* ViewModels */ = {
			isa = PBXGroup;
			children = (
				9F74D9142BBF36AE0057F10A /* UserInformationViewModel.swift */,
			);
			path = ViewModels;
			sourceTree = "<group>";
		};
		9FB34E9D2B923DAC00E6F3BD = {
			isa = PBXGroup;
			children = (
				9FB34EA82B923DAC00E6F3BD /* IITU App */,
				9F74D9032BB7FB100057F10A /* Resources */,
				9FB34EBF2B923DAD00E6F3BD /* IITU AppTests */,
				9FB34EC92B923DAD00E6F3BD /* IITU AppUITests */,
				9FB34EA72B923DAC00E6F3BD /* Products */,
				9FF34D3C2BDA544800835588 /* Frameworks */,
			);
			sourceTree = "<group>";
		};
		9FB34EA72B923DAC00E6F3BD /* Products */ = {
			isa = PBXGroup;
			children = (
				9FB34EA62B923DAC00E6F3BD /* IITU App.app */,
				9FB34EBC2B923DAD00E6F3BD /* IITU AppTests.xctest */,
				9FB34EC62B923DAD00E6F3BD /* IITU AppUITests.xctest */,
			);
			name = Products;
			sourceTree = "<group>";
		};
		9FB34EA82B923DAC00E6F3BD /* IITU App */ = {
			isa = PBXGroup;
			children = (
				9FF34D322BDA509900835588 /* Home */,
				9FF34CDE2BDA507600835588 /* Source */,
				9F35772C2BD7C56E00970CF5 /* IGAppUtility.swift */,
				9F35772A2BD7C56700970CF5 /* stories.json */,
				9F74D9072BB881470057F10A /* ViewControllers */,
				9F74D9042BB7FB500057F10A /* Views */,
				9F74D9132BBF36610057F10A /* ViewModels */,
				9FB34EB72B923DAD00E6F3BD /* Info.plist */,
			);
			path = "IITU App";
			sourceTree = "<group>";
		};
		9FB34EBF2B923DAD00E6F3BD /* IITU AppTests */ = {
			isa = PBXGroup;
			children = (
				9FB34EC02B923DAD00E6F3BD /* IITU_AppTests.swift */,
			);
			path = "IITU AppTests";
			sourceTree = "<group>";
		};
		9FB34EC92B923DAD00E6F3BD /* IITU AppUITests */ = {
			isa = PBXGroup;
			children = (
				9FB34ECA2B923DAD00E6F3BD /* IITU_AppUITests.swift */,
				9FB34ECC2B923DAD00E6F3BD /* IITU_AppUITestsLaunchTests.swift */,
			);
			path = "IITU AppUITests";
			sourceTree = "<group>";
		};
		9FF34CDE2BDA507600835588 /* Source */ = {
			isa = PBXGroup;
			children = (
				9FF34CDF2BDA507600835588 /* Stubs */,
				9FF34CE12BDA507600835588 /* CollectionViewCell */,
				9FF34CE32BDA507600835588 /* StoryPreview */,
				9FF34CE62BDA507600835588 /* Extension */,
				9FF34CEB2BDA507600835588 /* StoryHeaderView & ProgressView */,
				9FF34CEE2BDA507600835588 /* Models */,
				9FF34CF32BDA507600835588 /* ImageStorer */,
				9FF34CFB2BDA507600835588 /* Video Cache */,
				9FF34CFD2BDA507600835588 /* IGPlayerView */,
				9FF34CFF2BDA507600835588 /* Common */,
				9FF34D032BDA507600835588 /* StoryPreviewView */,
				9FF34D052BDA507600835588 /* External */,
			);
			path = Source;
			sourceTree = "<group>";
		};
		9FF34CDF2BDA507600835588 /* Stubs */ = {
			isa = PBXGroup;
			children = (
				9FF34CE02BDA507600835588 /* IGMockLoader.swift */,
			);
			path = Stubs;
			sourceTree = "<group>";
		};
		9FF34CE12BDA507600835588 /* CollectionViewCell */ = {
			isa = PBXGroup;
			children = (
				9FF34CE22BDA507600835588 /* IGStoryPreviewCell.swift */,
			);
			path = CollectionViewCell;
			sourceTree = "<group>";
		};
		9FF34CE32BDA507600835588 /* StoryPreview */ = {
			isa = PBXGroup;
			children = (
				9FF34CE42BDA507600835588 /* IGStoryPreviewModel.swift */,
				9FF34CE52BDA507600835588 /* IGStoryPreviewController.swift */,
			);
			path = StoryPreview;
			sourceTree = "<group>";
		};
		9FF34CE62BDA507600835588 /* Extension */ = {
			isa = PBXGroup;
			children = (
				9FF34CE72BDA507600835588 /* UIView+Extension.swift */,
				9FF34CE82BDA507600835588 /* IGAdditions.swift */,
				9FF34CE92BDA507600835588 /* Color+Additions.swift */,
				9FF34CEA2BDA507600835588 /* ImageView+Additions.swift */,
			);
			path = Extension;
			sourceTree = "<group>";
		};
		9FF34CEB2BDA507600835588 /* StoryHeaderView & ProgressView */ = {
			isa = PBXGroup;
			children = (
				9FF34CEC2BDA507600835588 /* IGSnapProgressView.swift */,
				9FF34CED2BDA507600835588 /* IGStoryPreviewHeaderView.swift */,
			);
			path = "StoryHeaderView & ProgressView";
			sourceTree = "<group>";
		};
		9FF34CEE2BDA507600835588 /* Models */ = {
			isa = PBXGroup;
			children = (
				9FF34CEF2BDA507600835588 /* IGStory.swift */,
				9FF34CF02BDA507600835588 /* IGStories.swift */,
				9FF34CF12BDA507600835588 /* IGSnap.swift */,
				9FF34CF22BDA507600835588 /* IGUser.swift */,
			);
			path = Models;
			sourceTree = "<group>";
		};
		9FF34CF32BDA507600835588 /* ImageStorer */ = {
			isa = PBXGroup;
			children = (
				9FF34CF42BDA507600835588 /* UIImageView+Extension.swift */,
				9FF34CF52BDA507600835588 /* IGResult.swift */,
				9FF34CF62BDA507600835588 /* IGRoundedView.swift */,
				9FF34CF72BDA507600835588 /* IGImageRequestable.swift */,
				9FF34CF82BDA507600835588 /* IGError.swift */,
				9FF34CF92BDA507600835588 /* IGURLSession.swift */,
				9FF34CFA2BDA507600835588 /* IGCache.swift */,
			);
			path = ImageStorer;
			sourceTree = "<group>";
		};
		9FF34CFB2BDA507600835588 /* Video Cache */ = {
			isa = PBXGroup;
			children = (
				9FF34CFC2BDA507600835588 /* IGVideoCacheManager.swift */,
			);
			path = "Video Cache";
			sourceTree = "<group>";
		};
		9FF34CFD2BDA507600835588 /* IGPlayerView */ = {
			isa = PBXGroup;
			children = (
				9FF34CFE2BDA507600835588 /* IGPlayerView.swift */,
			);
			path = IGPlayerView;
			sourceTree = "<group>";
		};
		9FF34CFF2BDA507600835588 /* Common */ = {
			isa = PBXGroup;
			children = (
				9FF34D002BDA507600835588 /* IGCommon.swift */,
				9FF34D012BDA507600835588 /* IGConstants.swift */,
				9FF34D022BDA507600835588 /* IGRetryButton.swift */,
			);
			path = Common;
			sourceTree = "<group>";
		};
		9FF34D032BDA507600835588 /* StoryPreviewView */ = {
			isa = PBXGroup;
			children = (
				9FF34D042BDA507600835588 /* IGStoryPreviewView.swift */,
			);
			path = StoryPreviewView;
			sourceTree = "<group>";
		};
		9FF34D052BDA507600835588 /* External */ = {
			isa = PBXGroup;
			children = (
				9FF34D062BDA507600835588 /* Reachability */,
				9FF34D082BDA507600835588 /* AnimatedCollectionViewLayout */,
			);
			path = External;
			sourceTree = "<group>";
		};
		9FF34D062BDA507600835588 /* Reachability */ = {
			isa = PBXGroup;
			children = (
				9FF34D072BDA507600835588 /* Reachability.swift */,
			);
			path = Reachability;
			sourceTree = "<group>";
		};
		9FF34D082BDA507600835588 /* AnimatedCollectionViewLayout */ = {
			isa = PBXGroup;
			children = (
				9FF34D092BDA507600835588 /* LICENSE */,
				9FF34D0A2BDA507600835588 /* Source */,
				9FF34D0F2BDA507600835588 /* README.md */,
			);
			path = AnimatedCollectionViewLayout;
			sourceTree = "<group>";
		};
		9FF34D0A2BDA507600835588 /* Source */ = {
			isa = PBXGroup;
			children = (
				9FF34D0B2BDA507600835588 /* CubeAttributesAnimator.swift */,
				9FF34D0C2BDA507600835588 /* AnimatedCollectionViewLayout.swift */,
				9FF34D0D2BDA507600835588 /* UIView+Anchor.swift */,
				9FF34D0E2BDA507600835588 /* LayoutAttributesAnimator.swift */,
			);
			path = Source;
			sourceTree = "<group>";
		};
		9FF34D322BDA509900835588 /* Home */ = {
			isa = PBXGroup;
			children = (
				9FF34D342BDA50D900835588 /* IGStoryListCell.swift */,
				9FF34D362BDA510000835588 /* IGHomeView.swift */,
				9FF34D3A2BDA514400835588 /* IGHomeViewModel.swift */,
			);
			path = Home;
			sourceTree = "<group>";
		};
		9FF34D3C2BDA544800835588 /* Frameworks */ = {
			isa = PBXGroup;
			children = (
				9FF34D3D2BDA544800835588 /* AVFoundation.framework */,
			);
			name = Frameworks;
			sourceTree = "<group>";
		};
		9FF498892BD03A8500B18765 /* OtherViewControllers */ = {
			isa = PBXGroup;
			children = (
				9FF4988E2BD1158E00B18765 /* OnboardingUIPageViewController.swift */,
				9FF4988C2BD1152300B18765 /* OnboardingViewController.swift */,
				9FF4988A2BD03AA500B18765 /* LoginVC.swift */,
			);
			path = OtherViewControllers;
			sourceTree = "<group>";
		};
/* End PBXGroup section */

/* Begin PBXNativeTarget section */
		9FB34EA52B923DAC00E6F3BD /* IITU App */ = {
			isa = PBXNativeTarget;
			buildConfigurationList = 9FB34ED02B923DAD00E6F3BD /* Build configuration list for PBXNativeTarget "IITU App" */;
			buildPhases = (
				9FB34EA22B923DAC00E6F3BD /* Sources */,
				9FB34EA32B923DAC00E6F3BD /* Frameworks */,
				9FB34EA42B923DAC00E6F3BD /* Resources */,
			);
			buildRules = (
			);
			dependencies = (
			);
			name = "IITU App";
			productName = "IITU App";
			productReference = 9FB34EA62B923DAC00E6F3BD /* IITU App.app */;
			productType = "com.apple.product-type.application";
		};
		9FB34EBB2B923DAD00E6F3BD /* IITU AppTests */ = {
			isa = PBXNativeTarget;
			buildConfigurationList = 9FB34ED32B923DAD00E6F3BD /* Build configuration list for PBXNativeTarget "IITU AppTests" */;
			buildPhases = (
				9FB34EB82B923DAD00E6F3BD /* Sources */,
				9FB34EB92B923DAD00E6F3BD /* Frameworks */,
				9FB34EBA2B923DAD00E6F3BD /* Resources */,
			);
			buildRules = (
			);
			dependencies = (
				9FB34EBE2B923DAD00E6F3BD /* PBXTargetDependency */,
			);
			name = "IITU AppTests";
			productName = "IITU AppTests";
			productReference = 9FB34EBC2B923DAD00E6F3BD /* IITU AppTests.xctest */;
			productType = "com.apple.product-type.bundle.unit-test";
		};
		9FB34EC52B923DAD00E6F3BD /* IITU AppUITests */ = {
			isa = PBXNativeTarget;
			buildConfigurationList = 9FB34ED62B923DAD00E6F3BD /* Build configuration list for PBXNativeTarget "IITU AppUITests" */;
			buildPhases = (
				9FB34EC22B923DAD00E6F3BD /* Sources */,
				9FB34EC32B923DAD00E6F3BD /* Frameworks */,
				9FB34EC42B923DAD00E6F3BD /* Resources */,
			);
			buildRules = (
			);
			dependencies = (
				9FB34EC82B923DAD00E6F3BD /* PBXTargetDependency */,
			);
			name = "IITU AppUITests";
			productName = "IITU AppUITests";
			productReference = 9FB34EC62B923DAD00E6F3BD /* IITU AppUITests.xctest */;
			productType = "com.apple.product-type.bundle.ui-testing";
		};
/* End PBXNativeTarget section */

/* Begin PBXProject section */
		9FB34E9E2B923DAC00E6F3BD /* Project object */ = {
			isa = PBXProject;
			attributes = {
				BuildIndependentTargetsInParallel = 1;
				LastSwiftUpdateCheck = 1410;
				LastUpgradeCheck = 1410;
				TargetAttributes = {
					9FB34EA52B923DAC00E6F3BD = {
						CreatedOnToolsVersion = 14.1;
					};
					9FB34EBB2B923DAD00E6F3BD = {
						CreatedOnToolsVersion = 14.1;
						TestTargetID = 9FB34EA52B923DAC00E6F3BD;
					};
					9FB34EC52B923DAD00E6F3BD = {
						CreatedOnToolsVersion = 14.1;
						TestTargetID = 9FB34EA52B923DAC00E6F3BD;
					};
				};
			};
			buildConfigurationList = 9FB34EA12B923DAC00E6F3BD /* Build configuration list for PBXProject "IITU App" */;
			compatibilityVersion = "Xcode 14.0";
			developmentRegion = en;
			hasScannedForEncodings = 0;
			knownRegions = (
				en,
				Base,
			);
			mainGroup = 9FB34E9D2B923DAC00E6F3BD;
			productRefGroup = 9FB34EA72B923DAC00E6F3BD /* Products */;
			projectDirPath = "";
			projectRoot = "";
			targets = (
				9FB34EA52B923DAC00E6F3BD /* IITU App */,
				9FB34EBB2B923DAD00E6F3BD /* IITU AppTests */,
				9FB34EC52B923DAD00E6F3BD /* IITU AppUITests */,
			);
		};
/* End PBXProject section */

/* Begin PBXResourcesBuildPhase section */
		9FB34EA42B923DAC00E6F3BD /* Resources */ = {
			isa = PBXResourcesBuildPhase;
			buildActionMask = 2147483647;
			files = (
				9F35772B2BD7C56700970CF5 /* stories.json in Resources */,
				9FB34EB62B923DAD00E6F3BD /* LaunchScreen.storyboard in Resources */,
				9FF34D312BDA507600835588 /* README.md in Resources */,
				9FF34D2C2BDA507600835588 /* LICENSE in Resources */,
				9FB34EB32B923DAD00E6F3BD /* Assets.xcassets in Resources */,
			);
			runOnlyForDeploymentPostprocessing = 0;
		};
		9FB34EBA2B923DAD00E6F3BD /* Resources */ = {
			isa = PBXResourcesBuildPhase;
			buildActionMask = 2147483647;
			files = (
			);
			runOnlyForDeploymentPostprocessing = 0;
		};
		9FB34EC42B923DAD00E6F3BD /* Resources */ = {
			isa = PBXResourcesBuildPhase;
			buildActionMask = 2147483647;
			files = (
			);
			runOnlyForDeploymentPostprocessing = 0;
		};
/* End PBXResourcesBuildPhase section */

/* Begin PBXSourcesBuildPhase section */
		9FB34EA22B923DAC00E6F3BD /* Sources */ = {
			isa = PBXSourcesBuildPhase;
			buildActionMask = 2147483647;
			files = (
				9FF34D252BDA507600835588 /* IGVideoCacheManager.swift in Sources */,
				9FF34D112BDA507600835588 /* IGStoryPreviewCell.swift in Sources */,
				9FF34D352BDA50D900835588 /* IGStoryListCell.swift in Sources */,
				9FF34D272BDA507600835588 /* IGCommon.swift in Sources */,
				9F74D90E2BB881930057F10A /* EditProfileVC.swift in Sources */,
				9FF34D182BDA507600835588 /* IGSnapProgressView.swift in Sources */,
				9F74D90A2BB881750057F10A /* AboutMeVC.swift in Sources */,
				9FF34D152BDA507600835588 /* IGAdditions.swift in Sources */,
				9F74D9012BB7FA5F0057F10A /* ProfileVC.swift in Sources */,
				9FF34D192BDA507600835588 /* IGStoryPreviewHeaderView.swift in Sources */,
				9FF34D2F2BDA507600835588 /* UIView+Anchor.swift in Sources */,
				9FF34D212BDA507600835588 /* IGImageRequestable.swift in Sources */,
				9FF34D292BDA507600835588 /* IGRetryButton.swift in Sources */,
				9FF34D132BDA507600835588 /* IGStoryPreviewController.swift in Sources */,
				9FF34D262BDA507600835588 /* IGPlayerView.swift in Sources */,
				9FF34D202BDA507600835588 /* IGRoundedView.swift in Sources */,
				9F74D8FB2BB402910057F10A /* HomeVC.swift in Sources */,
				9FF34D162BDA507600835588 /* Color+Additions.swift in Sources */,
				9FF34D1A2BDA507600835588 /* IGStory.swift in Sources */,
				9FF34D1B2BDA507600835588 /* IGStories.swift in Sources */,
				9FF34D2B2BDA507600835588 /* Reachability.swift in Sources */,
				9F74D9102BB882730057F10A /* ProfileToggleView.swift in Sources */,
				9FF4988F2BD1158E00B18765 /* OnboardingUIPageViewController.swift in Sources */,
				9FF34D2D2BDA507600835588 /* CubeAttributesAnimator.swift in Sources */,
				9FF34D1D2BDA507600835588 /* IGUser.swift in Sources */,
				9FF34D2E2BDA507600835588 /* AnimatedCollectionViewLayout.swift in Sources */,
				9FF34D302BDA507600835588 /* LayoutAttributesAnimator.swift in Sources */,
				9FB34EAA2B923DAC00E6F3BD /* AppDelegate.swift in Sources */,
				9FF34D282BDA507600835588 /* IGConstants.swift in Sources */,
				9F74D9152BBF36AE0057F10A /* UserInformationViewModel.swift in Sources */,
				9FF34D1C2BDA507600835588 /* IGSnap.swift in Sources */,
				9FF34D372BDA510000835588 /* IGHomeView.swift in Sources */,
				9FF34D2A2BDA507600835588 /* IGStoryPreviewView.swift in Sources */,
				9FF34D232BDA507600835588 /* IGURLSession.swift in Sources */,
				9F74D9122BB889240057F10A /* Extensions.swift in Sources */,
				9F74D90C2BB881850057F10A /* ScheduleVC.swift in Sources */,
				9FF4988B2BD03AA500B18765 /* LoginVC.swift in Sources */,
				9F35772D2BD7C56E00970CF5 /* IGAppUtility.swift in Sources */,
				9FF34D222BDA507600835588 /* IGError.swift in Sources */,
				9FF34D102BDA507600835588 /* IGMockLoader.swift in Sources */,
				9FF34D1E2BDA507600835588 /* UIImageView+Extension.swift in Sources */,
				9FF34D1F2BDA507600835588 /* IGResult.swift in Sources */,
				9FF34D142BDA507600835588 /* UIView+Extension.swift in Sources */,
				9FB34EAC2B923DAC00E6F3BD /* SceneDelegate.swift in Sources */,
				9FF34D122BDA507600835588 /* IGStoryPreviewModel.swift in Sources */,
				9FF34D3B2BDA514400835588 /* IGHomeViewModel.swift in Sources */,
				9FF34D172BDA507600835588 /* ImageView+Additions.swift in Sources */,
				9FF4988D2BD1152300B18765 /* OnboardingViewController.swift in Sources */,
				9F74D8F92BB4023B0057F10A /* MainTabBarVC.swift in Sources */,
				9FF34D242BDA507600835588 /* IGCache.swift in Sources */,
				9F74D8FD2BB402A20057F10A /* CoursesVC.swift in Sources */,
			);
			runOnlyForDeploymentPostprocessing = 0;
		};
		9FB34EB82B923DAD00E6F3BD /* Sources */ = {
			isa = PBXSourcesBuildPhase;
			buildActionMask = 2147483647;
			files = (
				9FB34EC12B923DAD00E6F3BD /* IITU_AppTests.swift in Sources */,
			);
			runOnlyForDeploymentPostprocessing = 0;
		};
		9FB34EC22B923DAD00E6F3BD /* Sources */ = {
			isa = PBXSourcesBuildPhase;
			buildActionMask = 2147483647;
			files = (
				9FB34ECD2B923DAD00E6F3BD /* IITU_AppUITestsLaunchTests.swift in Sources */,
				9FB34ECB2B923DAD00E6F3BD /* IITU_AppUITests.swift in Sources */,
			);
			runOnlyForDeploymentPostprocessing = 0;
		};
/* End PBXSourcesBuildPhase section */

/* Begin PBXTargetDependency section */
		9FB34EBE2B923DAD00E6F3BD /* PBXTargetDependency */ = {
			isa = PBXTargetDependency;
			target = 9FB34EA52B923DAC00E6F3BD /* IITU App */;
			targetProxy = 9FB34EBD2B923DAD00E6F3BD /* PBXContainerItemProxy */;
		};
		9FB34EC82B923DAD00E6F3BD /* PBXTargetDependency */ = {
			isa = PBXTargetDependency;
			target = 9FB34EA52B923DAC00E6F3BD /* IITU App */;
			targetProxy = 9FB34EC72B923DAD00E6F3BD /* PBXContainerItemProxy */;
		};
/* End PBXTargetDependency section */

/* Begin PBXVariantGroup section */
		9FB34EB42B923DAD00E6F3BD /* LaunchScreen.storyboard */ = {
			isa = PBXVariantGroup;
			children = (
				9FB34EB52B923DAD00E6F3BD /* Base */,
			);
			name = LaunchScreen.storyboard;
			sourceTree = "<group>";
		};
/* End PBXVariantGroup section */

/* Begin XCBuildConfiguration section */
		9FB34ECE2B923DAD00E6F3BD /* Debug */ = {
			isa = XCBuildConfiguration;
			buildSettings = {
				ALWAYS_SEARCH_USER_PATHS = NO;
				CLANG_ANALYZER_NONNULL = YES;
				CLANG_ANALYZER_NUMBER_OBJECT_CONVERSION = YES_AGGRESSIVE;
				CLANG_CXX_LANGUAGE_STANDARD = "gnu++20";
				CLANG_ENABLE_MODULES = YES;
				CLANG_ENABLE_OBJC_ARC = YES;
				CLANG_ENABLE_OBJC_WEAK = YES;
				CLANG_WARN_BLOCK_CAPTURE_AUTORELEASING = YES;
				CLANG_WARN_BOOL_CONVERSION = YES;
				CLANG_WARN_COMMA = YES;
				CLANG_WARN_CONSTANT_CONVERSION = YES;
				CLANG_WARN_DEPRECATED_OBJC_IMPLEMENTATIONS = YES;
				CLANG_WARN_DIRECT_OBJC_ISA_USAGE = YES_ERROR;
				CLANG_WARN_DOCUMENTATION_COMMENTS = YES;
				CLANG_WARN_EMPTY_BODY = YES;
				CLANG_WARN_ENUM_CONVERSION = YES;
				CLANG_WARN_INFINITE_RECURSION = YES;
				CLANG_WARN_INT_CONVERSION = YES;
				CLANG_WARN_NON_LITERAL_NULL_CONVERSION = YES;
				CLANG_WARN_OBJC_IMPLICIT_RETAIN_SELF = YES;
				CLANG_WARN_OBJC_LITERAL_CONVERSION = YES;
				CLANG_WARN_OBJC_ROOT_CLASS = YES_ERROR;
				CLANG_WARN_QUOTED_INCLUDE_IN_FRAMEWORK_HEADER = YES;
				CLANG_WARN_RANGE_LOOP_ANALYSIS = YES;
				CLANG_WARN_STRICT_PROTOTYPES = YES;
				CLANG_WARN_SUSPICIOUS_MOVE = YES;
				CLANG_WARN_UNGUARDED_AVAILABILITY = YES_AGGRESSIVE;
				CLANG_WARN_UNREACHABLE_CODE = YES;
				CLANG_WARN__DUPLICATE_METHOD_MATCH = YES;
				COPY_PHASE_STRIP = NO;
				DEBUG_INFORMATION_FORMAT = dwarf;
				ENABLE_STRICT_OBJC_MSGSEND = YES;
				ENABLE_TESTABILITY = YES;
				GCC_C_LANGUAGE_STANDARD = gnu11;
				GCC_DYNAMIC_NO_PIC = NO;
				GCC_NO_COMMON_BLOCKS = YES;
				GCC_OPTIMIZATION_LEVEL = 0;
				GCC_PREPROCESSOR_DEFINITIONS = (
					"DEBUG=1",
					"$(inherited)",
				);
				GCC_WARN_64_TO_32_BIT_CONVERSION = YES;
				GCC_WARN_ABOUT_RETURN_TYPE = YES_ERROR;
				GCC_WARN_UNDECLARED_SELECTOR = YES;
				GCC_WARN_UNINITIALIZED_AUTOS = YES_AGGRESSIVE;
				GCC_WARN_UNUSED_FUNCTION = YES;
				GCC_WARN_UNUSED_VARIABLE = YES;
				IPHONEOS_DEPLOYMENT_TARGET = 16.1;
				MTL_ENABLE_DEBUG_INFO = INCLUDE_SOURCE;
				MTL_FAST_MATH = YES;
				ONLY_ACTIVE_ARCH = YES;
				SDKROOT = iphoneos;
				SWIFT_ACTIVE_COMPILATION_CONDITIONS = DEBUG;
				SWIFT_OPTIMIZATION_LEVEL = "-Onone";
			};
			name = Debug;
		};
		9FB34ECF2B923DAD00E6F3BD /* Release */ = {
			isa = XCBuildConfiguration;
			buildSettings = {
				ALWAYS_SEARCH_USER_PATHS = NO;
				CLANG_ANALYZER_NONNULL = YES;
				CLANG_ANALYZER_NUMBER_OBJECT_CONVERSION = YES_AGGRESSIVE;
				CLANG_CXX_LANGUAGE_STANDARD = "gnu++20";
				CLANG_ENABLE_MODULES = YES;
				CLANG_ENABLE_OBJC_ARC = YES;
				CLANG_ENABLE_OBJC_WEAK = YES;
				CLANG_WARN_BLOCK_CAPTURE_AUTORELEASING = YES;
				CLANG_WARN_BOOL_CONVERSION = YES;
				CLANG_WARN_COMMA = YES;
				CLANG_WARN_CONSTANT_CONVERSION = YES;
				CLANG_WARN_DEPRECATED_OBJC_IMPLEMENTATIONS = YES;
				CLANG_WARN_DIRECT_OBJC_ISA_USAGE = YES_ERROR;
				CLANG_WARN_DOCUMENTATION_COMMENTS = YES;
				CLANG_WARN_EMPTY_BODY = YES;
				CLANG_WARN_ENUM_CONVERSION = YES;
				CLANG_WARN_INFINITE_RECURSION = YES;
				CLANG_WARN_INT_CONVERSION = YES;
				CLANG_WARN_NON_LITERAL_NULL_CONVERSION = YES;
				CLANG_WARN_OBJC_IMPLICIT_RETAIN_SELF = YES;
				CLANG_WARN_OBJC_LITERAL_CONVERSION = YES;
				CLANG_WARN_OBJC_ROOT_CLASS = YES_ERROR;
				CLANG_WARN_QUOTED_INCLUDE_IN_FRAMEWORK_HEADER = YES;
				CLANG_WARN_RANGE_LOOP_ANALYSIS = YES;
				CLANG_WARN_STRICT_PROTOTYPES = YES;
				CLANG_WARN_SUSPICIOUS_MOVE = YES;
				CLANG_WARN_UNGUARDED_AVAILABILITY = YES_AGGRESSIVE;
				CLANG_WARN_UNREACHABLE_CODE = YES;
				CLANG_WARN__DUPLICATE_METHOD_MATCH = YES;
				COPY_PHASE_STRIP = NO;
				DEBUG_INFORMATION_FORMAT = "dwarf-with-dsym";
				ENABLE_NS_ASSERTIONS = NO;
				ENABLE_STRICT_OBJC_MSGSEND = YES;
				GCC_C_LANGUAGE_STANDARD = gnu11;
				GCC_NO_COMMON_BLOCKS = YES;
				GCC_WARN_64_TO_32_BIT_CONVERSION = YES;
				GCC_WARN_ABOUT_RETURN_TYPE = YES_ERROR;
				GCC_WARN_UNDECLARED_SELECTOR = YES;
				GCC_WARN_UNINITIALIZED_AUTOS = YES_AGGRESSIVE;
				GCC_WARN_UNUSED_FUNCTION = YES;
				GCC_WARN_UNUSED_VARIABLE = YES;
				IPHONEOS_DEPLOYMENT_TARGET = 16.1;
				MTL_ENABLE_DEBUG_INFO = NO;
				MTL_FAST_MATH = YES;
				SDKROOT = iphoneos;
				SWIFT_COMPILATION_MODE = wholemodule;
				SWIFT_OPTIMIZATION_LEVEL = "-O";
				VALIDATE_PRODUCT = YES;
			};
			name = Release;
		};
		9FB34ED12B923DAD00E6F3BD /* Debug */ = {
			isa = XCBuildConfiguration;
			buildSettings = {
				ASSETCATALOG_COMPILER_APPICON_NAME = AppIcon;
				ASSETCATALOG_COMPILER_GLOBAL_ACCENT_COLOR_NAME = AccentColor;
				CODE_SIGN_STYLE = Automatic;
				CURRENT_PROJECT_VERSION = 1;
				DEVELOPMENT_TEAM = 6AZ6TUHC7X;
				GENERATE_INFOPLIST_FILE = YES;
				INFOPLIST_FILE = "IITU App/Info.plist";
				INFOPLIST_KEY_UIApplicationSupportsIndirectInputEvents = YES;
				INFOPLIST_KEY_UILaunchStoryboardName = LaunchScreen;
				INFOPLIST_KEY_UISupportedInterfaceOrientations_iPad = "UIInterfaceOrientationPortrait UIInterfaceOrientationPortraitUpsideDown UIInterfaceOrientationLandscapeLeft UIInterfaceOrientationLandscapeRight";
				INFOPLIST_KEY_UISupportedInterfaceOrientations_iPhone = "UIInterfaceOrientationPortrait UIInterfaceOrientationLandscapeLeft UIInterfaceOrientationLandscapeRight";
				LD_RUNPATH_SEARCH_PATHS = (
					"$(inherited)",
					"@executable_path/Frameworks",
				);
				MARKETING_VERSION = 1.0;
				PRODUCT_BUNDLE_IDENTIFIER = "kz.iosdeveloper.IITU-App";
				PRODUCT_NAME = "$(TARGET_NAME)";
				SWIFT_EMIT_LOC_STRINGS = YES;
				SWIFT_VERSION = 5.0;
				TARGETED_DEVICE_FAMILY = "1,2";
			};
			name = Debug;
		};
		9FB34ED22B923DAD00E6F3BD /* Release */ = {
			isa = XCBuildConfiguration;
			buildSettings = {
				ASSETCATALOG_COMPILER_APPICON_NAME = AppIcon;
				ASSETCATALOG_COMPILER_GLOBAL_ACCENT_COLOR_NAME = AccentColor;
				CODE_SIGN_STYLE = Automatic;
				CURRENT_PROJECT_VERSION = 1;
				DEVELOPMENT_TEAM = 6AZ6TUHC7X;
				GENERATE_INFOPLIST_FILE = YES;
				INFOPLIST_FILE = "IITU App/Info.plist";
				INFOPLIST_KEY_UIApplicationSupportsIndirectInputEvents = YES;
				INFOPLIST_KEY_UILaunchStoryboardName = LaunchScreen;
				INFOPLIST_KEY_UISupportedInterfaceOrientations_iPad = "UIInterfaceOrientationPortrait UIInterfaceOrientationPortraitUpsideDown UIInterfaceOrientationLandscapeLeft UIInterfaceOrientationLandscapeRight";
				INFOPLIST_KEY_UISupportedInterfaceOrientations_iPhone = "UIInterfaceOrientationPortrait UIInterfaceOrientationLandscapeLeft UIInterfaceOrientationLandscapeRight";
				LD_RUNPATH_SEARCH_PATHS = (
					"$(inherited)",
					"@executable_path/Frameworks",
				);
				MARKETING_VERSION = 1.0;
				PRODUCT_BUNDLE_IDENTIFIER = "kz.iosdeveloper.IITU-App";
				PRODUCT_NAME = "$(TARGET_NAME)";
				SWIFT_EMIT_LOC_STRINGS = YES;
				SWIFT_VERSION = 5.0;
				TARGETED_DEVICE_FAMILY = "1,2";
			};
			name = Release;
		};
		9FB34ED42B923DAD00E6F3BD /* Debug */ = {
			isa = XCBuildConfiguration;
			buildSettings = {
				ALWAYS_EMBED_SWIFT_STANDARD_LIBRARIES = YES;
				BUNDLE_LOADER = "$(TEST_HOST)";
				CODE_SIGN_STYLE = Automatic;
				CURRENT_PROJECT_VERSION = 1;
				DEVELOPMENT_TEAM = 6AZ6TUHC7X;
				GENERATE_INFOPLIST_FILE = YES;
				IPHONEOS_DEPLOYMENT_TARGET = 16.1;
				MARKETING_VERSION = 1.0;
				PRODUCT_BUNDLE_IDENTIFIER = "kz.iosdeveloper.IITU-AppTests";
				PRODUCT_NAME = "$(TARGET_NAME)";
				SWIFT_EMIT_LOC_STRINGS = NO;
				SWIFT_VERSION = 5.0;
				TARGETED_DEVICE_FAMILY = "1,2";
				TEST_HOST = "$(BUILT_PRODUCTS_DIR)/IITU App.app/$(BUNDLE_EXECUTABLE_FOLDER_PATH)/IITU App";
			};
			name = Debug;
		};
		9FB34ED52B923DAD00E6F3BD /* Release */ = {
			isa = XCBuildConfiguration;
			buildSettings = {
				ALWAYS_EMBED_SWIFT_STANDARD_LIBRARIES = YES;
				BUNDLE_LOADER = "$(TEST_HOST)";
				CODE_SIGN_STYLE = Automatic;
				CURRENT_PROJECT_VERSION = 1;
				DEVELOPMENT_TEAM = 6AZ6TUHC7X;
				GENERATE_INFOPLIST_FILE = YES;
				IPHONEOS_DEPLOYMENT_TARGET = 16.1;
				MARKETING_VERSION = 1.0;
				PRODUCT_BUNDLE_IDENTIFIER = "kz.iosdeveloper.IITU-AppTests";
				PRODUCT_NAME = "$(TARGET_NAME)";
				SWIFT_EMIT_LOC_STRINGS = NO;
				SWIFT_VERSION = 5.0;
				TARGETED_DEVICE_FAMILY = "1,2";
				TEST_HOST = "$(BUILT_PRODUCTS_DIR)/IITU App.app/$(BUNDLE_EXECUTABLE_FOLDER_PATH)/IITU App";
			};
			name = Release;
		};
		9FB34ED72B923DAD00E6F3BD /* Debug */ = {
			isa = XCBuildConfiguration;
			buildSettings = {
				ALWAYS_EMBED_SWIFT_STANDARD_LIBRARIES = YES;
				CODE_SIGN_STYLE = Automatic;
				CURRENT_PROJECT_VERSION = 1;
				DEVELOPMENT_TEAM = 6AZ6TUHC7X;
				GENERATE_INFOPLIST_FILE = YES;
				MARKETING_VERSION = 1.0;
				PRODUCT_BUNDLE_IDENTIFIER = "kz.iosdeveloper.IITU-AppUITests";
				PRODUCT_NAME = "$(TARGET_NAME)";
				SWIFT_EMIT_LOC_STRINGS = NO;
				SWIFT_VERSION = 5.0;
				TARGETED_DEVICE_FAMILY = "1,2";
				TEST_TARGET_NAME = "IITU App";
			};
			name = Debug;
		};
		9FB34ED82B923DAD00E6F3BD /* Release */ = {
			isa = XCBuildConfiguration;
			buildSettings = {
				ALWAYS_EMBED_SWIFT_STANDARD_LIBRARIES = YES;
				CODE_SIGN_STYLE = Automatic;
				CURRENT_PROJECT_VERSION = 1;
				DEVELOPMENT_TEAM = 6AZ6TUHC7X;
				GENERATE_INFOPLIST_FILE = YES;
				MARKETING_VERSION = 1.0;
				PRODUCT_BUNDLE_IDENTIFIER = "kz.iosdeveloper.IITU-AppUITests";
				PRODUCT_NAME = "$(TARGET_NAME)";
				SWIFT_EMIT_LOC_STRINGS = NO;
				SWIFT_VERSION = 5.0;
				TARGETED_DEVICE_FAMILY = "1,2";
				TEST_TARGET_NAME = "IITU App";
			};
			name = Release;
		};
/* End XCBuildConfiguration section */

/* Begin XCConfigurationList section */
		9FB34EA12B923DAC00E6F3BD /* Build configuration list for PBXProject "IITU App" */ = {
			isa = XCConfigurationList;
			buildConfigurations = (
				9FB34ECE2B923DAD00E6F3BD /* Debug */,
				9FB34ECF2B923DAD00E6F3BD /* Release */,
			);
			defaultConfigurationIsVisible = 0;
			defaultConfigurationName = Release;
		};
		9FB34ED02B923DAD00E6F3BD /* Build configuration list for PBXNativeTarget "IITU App" */ = {
			isa = XCConfigurationList;
			buildConfigurations = (
				9FB34ED12B923DAD00E6F3BD /* Debug */,
				9FB34ED22B923DAD00E6F3BD /* Release */,
			);
			defaultConfigurationIsVisible = 0;
			defaultConfigurationName = Release;
		};
		9FB34ED32B923DAD00E6F3BD /* Build configuration list for PBXNativeTarget "IITU AppTests" */ = {
			isa = XCConfigurationList;
			buildConfigurations = (
				9FB34ED42B923DAD00E6F3BD /* Debug */,
				9FB34ED52B923DAD00E6F3BD /* Release */,
			);
			defaultConfigurationIsVisible = 0;
			defaultConfigurationName = Release;
		};
		9FB34ED62B923DAD00E6F3BD /* Build configuration list for PBXNativeTarget "IITU AppUITests" */ = {
			isa = XCConfigurationList;
			buildConfigurations = (
				9FB34ED72B923DAD00E6F3BD /* Debug */,
				9FB34ED82B923DAD00E6F3BD /* Release */,
			);
			defaultConfigurationIsVisible = 0;
			defaultConfigurationName = Release;
		};
/* End XCConfigurationList section */
	};
	rootObject = 9FB34E9E2B923DAC00E6F3BD /* Project object */;
}
